{
  "name": "demo-git-similarity-index",
  "version": "1.0.0",
  "lockfileVersion": 3,
  "requires": true,
  "packages": {
    "": {
      "name": "demo-git-similarity-index",
      "version": "1.0.0",
      "license": "ISC",
      "devDependencies": {
        "@types/node": "^22.9.1",
        "git-similarity-index": "^1.0.1"
      }
    },
    "node_modules/@types/node": {
      "version": "22.9.1",
      "dev": true,
      "license": "MIT",
      "dependencies": {
        "undici-types": "~6.19.8"
      }
    },
    "node_modules/git-similarity-index": {
      "version": "1.0.1",
      "resolved": "https://registry.npmjs.org/git-similarity-index/-/git-similarity-index-1.0.1.tgz",
      "integrity": "sha512-jeoGBCQb7EX7Y8rsrdTiF9z1NPNEs2HuEW8ix0vSnMBIKaHqGBcqtUXJ7rnCaARFm+PA7f72cBElvXXzrgh1ww==",
      "dev": true,
      "license": "MIT",
      "bin": {
        "git-similarity-index": "bin/cli.js"
      },
      "engines": {
        "node": ">=16"
      }
    },
    "node_modules/undici-types": {
      "version": "6.19.8",
      "dev": true,
      "license": "MIT"
    }
  }
}
