{
  "name": "demo-git-similarity-index",
  "version": "1.0.0",
  "lockfileVersion": 3,
  "requires": true,
  "packages": {
    "": {
      "name": "demo-git-similarity-index",
      "version": "1.0.0",
      "license": "ISC",
      "devDependencies": {
        "git-similarity-index": "^1.0.0"
      }
    },
    "node_modules/git-similarity-index": {
      "version": "1.0.0",
      "resolved": "https://registry.npmjs.org/git-similarity-index/-/git-similarity-index-1.0.0.tgz",
      "integrity": "sha512-lAgO4ATD4lEMiBPVNVeF6CQ4KxrJRWUEk8/LQJ8HFtVHpRearzv9NwCRq5IiTdjlB8lfd158yXhrEYsnsSRD7A==",
      "dev": true,
      "license": "MIT",
      "bin": {
        "git-similarity-index": "bin/cli.js"
      },
      "engines": {
        "node": ">=16"
      }
    }
  }
}
